// !$*UTF8*$!
{
	archiveVersion = 1;
	classes = {
	};
	objectVersion = 56;
	objects = {

/* Begin PBXBuildFile section */
		0BA014282AC1103C00429305 /* TextFieldWrapper.swift in Sources */ = {isa = PBXBuildFile; fileRef = 0BA014272AC1103C00429305 /* TextFieldWrapper.swift */; };
		0BA0142B2AC1153D00429305 /* iOSViewModule in Frameworks */ = {isa = PBXBuildFile; productRef = 0BA0142A2AC1153D00429305 /* iOSViewModule */; };
		0BA0142E2AC144EC00429305 /* RxCocoa in Frameworks */ = {isa = PBXBuildFile; productRef = 0BA0142D2AC144EC00429305 /* RxCocoa */; };
		0BA014302AC144EC00429305 /* RxSwift in Frameworks */ = {isa = PBXBuildFile; productRef = 0BA0142F2AC144EC00429305 /* RxSwift */; };
		0BC6C4FA2ABA84BF00A2B2A0 /* CoordinatorPRJApp.swift in Sources */ = {isa = PBXBuildFile; fileRef = 0BC6C4F92ABA84BF00A2B2A0 /* CoordinatorPRJApp.swift */; };
		0BC6C4FC2ABA84BF00A2B2A0 /* ContentView.swift in Sources */ = {isa = PBXBuildFile; fileRef = 0BC6C4FB2ABA84BF00A2B2A0 /* ContentView.swift */; };
		0BC6C4FE2ABA84C000A2B2A0 /* Assets.xcassets in Resources */ = {isa = PBXBuildFile; fileRef = 0BC6C4FD2ABA84C000A2B2A0 /* Assets.xcassets */; };
		0BC6C5012ABA84C000A2B2A0 /* Preview Assets.xcassets in Resources */ = {isa = PBXBuildFile; fileRef = 0BC6C5002ABA84C000A2B2A0 /* Preview Assets.xcassets */; };
		0BC6C5092ABA84D900A2B2A0 /* ContentViewModel.swift in Sources */ = {isa = PBXBuildFile; fileRef = 0BC6C5082ABA84D900A2B2A0 /* ContentViewModel.swift */; };
		0BC6C50B2ABA84E500A2B2A0 /* MyCoordinator.swift in Sources */ = {isa = PBXBuildFile; fileRef = 0BC6C50A2ABA84E500A2B2A0 /* MyCoordinator.swift */; };
/* End PBXBuildFile section */

/* Begin PBXFileReference section */
		0BA014272AC1103C00429305 /* TextFieldWrapper.swift */ = {isa = PBXFileReference; lastKnownFileType = sourcecode.swift; path = TextFieldWrapper.swift; sourceTree = "<group>"; };
		0BC6C4F62ABA84BF00A2B2A0 /* CoordinatorPRJ.app */ = {isa = PBXFileReference; explicitFileType = wrapper.application; includeInIndex = 0; path = CoordinatorPRJ.app; sourceTree = BUILT_PRODUCTS_DIR; };
		0BC6C4F92ABA84BF00A2B2A0 /* CoordinatorPRJApp.swift */ = {isa = PBXFileReference; lastKnownFileType = sourcecode.swift; path = CoordinatorPRJApp.swift; sourceTree = "<group>"; };
		0BC6C4FB2ABA84BF00A2B2A0 /* ContentView.swift */ = {isa = PBXFileReference; lastKnownFileType = sourcecode.swift; path = ContentView.swift; sourceTree = "<group>"; };
		0BC6C4FD2ABA84C000A2B2A0 /* Assets.xcassets */ = {isa = PBXFileReference; lastKnownFileType = folder.assetcatalog; path = Assets.xcassets; sourceTree = "<group>"; };
		0BC6C5002ABA84C000A2B2A0 /* Preview Assets.xcassets */ = {isa = PBXFileReference; lastKnownFileType = folder.assetcatalog; path = "Preview Assets.xcassets"; sourceTree = "<group>"; };
		0BC6C5082ABA84D900A2B2A0 /* ContentViewModel.swift */ = {isa = PBXFileReference; lastKnownFileType = sourcecode.swift; path = ContentViewModel.swift; sourceTree = "<group>"; };
		0BC6C50A2ABA84E500A2B2A0 /* MyCoordinator.swift */ = {isa = PBXFileReference; lastKnownFileType = sourcecode.swift; path = MyCoordinator.swift; sourceTree = "<group>"; };
/* End PBXFileReference section */

/* Begin PBXFrameworksBuildPhase section */
		0BC6C4F32ABA84BF00A2B2A0 /* Frameworks */ = {
			isa = PBXFrameworksBuildPhase;
			buildActionMask = 2147483647;
			files = (
				0BA014302AC144EC00429305 /* RxSwift in Frameworks */,
				0BA0142E2AC144EC00429305 /* RxCocoa in Frameworks */,
				0BA0142B2AC1153D00429305 /* iOSViewModule in Frameworks */,
			);
			runOnlyForDeploymentPostprocessing = 0;
		};
/* End PBXFrameworksBuildPhase section */

/* Begin PBXGroup section */
		0BC6C4ED2ABA84BF00A2B2A0 = {
			isa = PBXGroup;
			children = (
				0BC6C4F82ABA84BF00A2B2A0 /* CoordinatorPRJ */,
				0BC6C4F72ABA84BF00A2B2A0 /* Products */,
			);
			sourceTree = "<group>";
		};
		0BC6C4F72ABA84BF00A2B2A0 /* Products */ = {
			isa = PBXGroup;
			children = (
				0BC6C4F62ABA84BF00A2B2A0 /* CoordinatorPRJ.app */,
			);
			name = Products;
			sourceTree = "<group>";
		};
		0BC6C4F82ABA84BF00A2B2A0 /* CoordinatorPRJ */ = {
			isa = PBXGroup;
			children = (
				0BC6C5072ABA84C900A2B2A0 /* Presentation */,
				0BC6C4F92ABA84BF00A2B2A0 /* CoordinatorPRJApp.swift */,
				0BC6C4FD2ABA84C000A2B2A0 /* Assets.xcassets */,
				0BC6C4FF2ABA84C000A2B2A0 /* Preview Content */,
			);
			path = CoordinatorPRJ;
			sourceTree = "<group>";
		};
		0BC6C4FF2ABA84C000A2B2A0 /* Preview Content */ = {
			isa = PBXGroup;
			children = (
				0BC6C5002ABA84C000A2B2A0 /* Preview Assets.xcassets */,
			);
			path = "Preview Content";
			sourceTree = "<group>";
		};
		0BC6C5072ABA84C900A2B2A0 /* Presentation */ = {
			isa = PBXGroup;
			children = (
				0BC6C4FB2ABA84BF00A2B2A0 /* ContentView.swift */,
				0BC6C5082ABA84D900A2B2A0 /* ContentViewModel.swift */,
				0BC6C50A2ABA84E500A2B2A0 /* MyCoordinator.swift */,
				0BA014272AC1103C00429305 /* TextFieldWrapper.swift */,
			);
			path = Presentation;
			sourceTree = "<group>";
		};
/* End PBXGroup section */

/* Begin PBXNativeTarget section */
		0BC6C4F52ABA84BF00A2B2A0 /* CoordinatorPRJ */ = {
			isa = PBXNativeTarget;
			buildConfigurationList = 0BC6C5042ABA84C000A2B2A0 /* Build configuration list for PBXNativeTarget "CoordinatorPRJ" */;
			buildPhases = (
				0BC6C4F22ABA84BF00A2B2A0 /* Sources */,
				0BC6C4F32ABA84BF00A2B2A0 /* Frameworks */,
				0BC6C4F42ABA84BF00A2B2A0 /* Resources */,
			);
			buildRules = (
			);
			dependencies = (
			);
			name = CoordinatorPRJ;
			packageProductDependencies = (
				0BA0142A2AC1153D00429305 /* iOSViewModule */,
				0BA0142D2AC144EC00429305 /* RxCocoa */,
				0BA0142F2AC144EC00429305 /* RxSwift */,
			);
			productName = CoordinatorPRJ;
			productReference = 0BC6C4F62ABA84BF00A2B2A0 /* CoordinatorPRJ.app */;
			productType = "com.apple.product-type.application";
		};
/* End PBXNativeTarget section */

/* Begin PBXProject section */
		0BC6C4EE2ABA84BF00A2B2A0 /* Project object */ = {
			isa = PBXProject;
			attributes = {
				BuildIndependentTargetsInParallel = 1;
				LastSwiftUpdateCheck = 1420;
				LastUpgradeCheck = 1420;
				TargetAttributes = {
					0BC6C4F52ABA84BF00A2B2A0 = {
						CreatedOnToolsVersion = 14.2;
					};
				};
			};
			buildConfigurationList = 0BC6C4F12ABA84BF00A2B2A0 /* Build configuration list for PBXProject "CoordinatorPRJ" */;
			compatibilityVersion = "Xcode 14.0";
			developmentRegion = en;
			hasScannedForEncodings = 0;
			knownRegions = (
				en,
				Base,
			);
			mainGroup = 0BC6C4ED2ABA84BF00A2B2A0;
			packageReferences = (
				0BA014292AC1153D00429305 /* XCRemoteSwiftPackageReference "iOSViewModule" */,
				0BA0142C2AC144EC00429305 /* XCRemoteSwiftPackageReference "RxSwift" */,
			);
			productRefGroup = 0BC6C4F72ABA84BF00A2B2A0 /* Products */;
			projectDirPath = "";
			projectRoot = "";
			targets = (
				0BC6C4F52ABA84BF00A2B2A0 /* CoordinatorPRJ */,
			);
		};
/* End PBXProject section */

/* Begin PBXResourcesBuildPhase section */
		0BC6C4F42ABA84BF00A2B2A0 /* Resources */ = {
			isa = PBXResourcesBuildPhase;
			buildActionMask = 2147483647;
			files = (
				0BC6C5012ABA84C000A2B2A0 /* Preview Assets.xcassets in Resources */,
				0BC6C4FE2ABA84C000A2B2A0 /* Assets.xcassets in Resources */,
			);
			runOnlyForDeploymentPostprocessing = 0;
		};
/* End PBXResourcesBuildPhase section */

/* Begin PBXSourcesBuildPhase section */
		0BC6C4F22ABA84BF00A2B2A0 /* Sources */ = {
			isa = PBXSourcesBuildPhase;
			buildActionMask = 2147483647;
			files = (
				0BC6C50B2ABA84E500A2B2A0 /* MyCoordinator.swift in Sources */,
				0BC6C4FC2ABA84BF00A2B2A0 /* ContentView.swift in Sources */,
				0BC6C4FA2ABA84BF00A2B2A0 /* CoordinatorPRJApp.swift in Sources */,
				0BC6C5092ABA84D900A2B2A0 /* ContentViewModel.swift in Sources */,
				0BA014282AC1103C00429305 /* TextFieldWrapper.swift in Sources */,
			);
			runOnlyForDeploymentPostprocessing = 0;
		};
/* End PBXSourcesBuildPhase section */

/* Begin XCBuildConfiguration section */
		0BC6C5022ABA84C000A2B2A0 /* Debug */ = {
			isa = XCBuildConfiguration;
			buildSettings = {
				ALWAYS_SEARCH_USER_PATHS = NO;
				CLANG_ANALYZER_NONNULL = YES;
				CLANG_ANALYZER_NUMBER_OBJECT_CONVERSION = YES_AGGRESSIVE;
				CLANG_CXX_LANGUAGE_STANDARD = "gnu++20";
				CLANG_ENABLE_MODULES = YES;
				CLANG_ENABLE_OBJC_ARC = YES;
				CLANG_ENABLE_OBJC_WEAK = YES;
				CLANG_WARN_BLOCK_CAPTURE_AUTORELEASING = YES;
				CLANG_WARN_BOOL_CONVERSION = YES;
				CLANG_WARN_COMMA = YES;
				CLANG_WARN_CONSTANT_CONVERSION = YES;
				CLANG_WARN_DEPRECATED_OBJC_IMPLEMENTATIONS = YES;
				CLANG_WARN_DIRECT_OBJC_ISA_USAGE = YES_ERROR;
				CLANG_WARN_DOCUMENTATION_COMMENTS = YES;
				CLANG_WARN_EMPTY_BODY = YES;
				CLANG_WARN_ENUM_CONVERSION = YES;
				CLANG_WARN_INFINITE_RECURSION = YES;
				CLANG_WARN_INT_CONVERSION = YES;
				CLANG_WARN_NON_LITERAL_NULL_CONVERSION = YES;
				CLANG_WARN_OBJC_IMPLICIT_RETAIN_SELF = YES;
				CLANG_WARN_OBJC_LITERAL_CONVERSION = YES;
				CLANG_WARN_OBJC_ROOT_CLASS = YES_ERROR;
				CLANG_WARN_QUOTED_INCLUDE_IN_FRAMEWORK_HEADER = YES;
				CLANG_WARN_RANGE_LOOP_ANALYSIS = YES;
				CLANG_WARN_STRICT_PROTOTYPES = YES;
				CLANG_WARN_SUSPICIOUS_MOVE = YES;
				CLANG_WARN_UNGUARDED_AVAILABILITY = YES_AGGRESSIVE;
				CLANG_WARN_UNREACHABLE_CODE = YES;
				CLANG_WARN__DUPLICATE_METHOD_MATCH = YES;
				COPY_PHASE_STRIP = NO;
				DEBUG_INFORMATION_FORMAT = dwarf;
				ENABLE_STRICT_OBJC_MSGSEND = YES;
				ENABLE_TESTABILITY = YES;
				GCC_C_LANGUAGE_STANDARD = gnu11;
				GCC_DYNAMIC_NO_PIC = NO;
				GCC_NO_COMMON_BLOCKS = YES;
				GCC_OPTIMIZATION_LEVEL = 0;
				GCC_PREPROCESSOR_DEFINITIONS = (
					"DEBUG=1",
					"$(inherited)",
				);
				GCC_WARN_64_TO_32_BIT_CONVERSION = YES;
				GCC_WARN_ABOUT_RETURN_TYPE = YES_ERROR;
				GCC_WARN_UNDECLARED_SELECTOR = YES;
				GCC_WARN_UNINITIALIZED_AUTOS = YES_AGGRESSIVE;
				GCC_WARN_UNUSED_FUNCTION = YES;
				GCC_WARN_UNUSED_VARIABLE = YES;
				IPHONEOS_DEPLOYMENT_TARGET = 15.0;
				MTL_ENABLE_DEBUG_INFO = INCLUDE_SOURCE;
				MTL_FAST_MATH = YES;
				ONLY_ACTIVE_ARCH = YES;
				SDKROOT = iphoneos;
				SWIFT_ACTIVE_COMPILATION_CONDITIONS = DEBUG;
				SWIFT_OPTIMIZATION_LEVEL = "-Onone";
			};
			name = Debug;
		};
		0BC6C5032ABA84C000A2B2A0 /* Release */ = {
			isa = XCBuildConfiguration;
			buildSettings = {
				ALWAYS_SEARCH_USER_PATHS = NO;
				CLANG_ANALYZER_NONNULL = YES;
				CLANG_ANALYZER_NUMBER_OBJECT_CONVERSION = YES_AGGRESSIVE;
				CLANG_CXX_LANGUAGE_STANDARD = "gnu++20";
				CLANG_ENABLE_MODULES = YES;
				CLANG_ENABLE_OBJC_ARC = YES;
				CLANG_ENABLE_OBJC_WEAK = YES;
				CLANG_WARN_BLOCK_CAPTURE_AUTORELEASING = YES;
				CLANG_WARN_BOOL_CONVERSION = YES;
				CLANG_WARN_COMMA = YES;
				CLANG_WARN_CONSTANT_CONVERSION = YES;
				CLANG_WARN_DEPRECATED_OBJC_IMPLEMENTATIONS = YES;
				CLANG_WARN_DIRECT_OBJC_ISA_USAGE = YES_ERROR;
				CLANG_WARN_DOCUMENTATION_COMMENTS = YES;
				CLANG_WARN_EMPTY_BODY = YES;
				CLANG_WARN_ENUM_CONVERSION = YES;
				CLANG_WARN_INFINITE_RECURSION = YES;
				CLANG_WARN_INT_CONVERSION = YES;
				CLANG_WARN_NON_LITERAL_NULL_CONVERSION = YES;
				CLANG_WARN_OBJC_IMPLICIT_RETAIN_SELF = YES;
				CLANG_WARN_OBJC_LITERAL_CONVERSION = YES;
				CLANG_WARN_OBJC_ROOT_CLASS = YES_ERROR;
				CLANG_WARN_QUOTED_INCLUDE_IN_FRAMEWORK_HEADER = YES;
				CLANG_WARN_RANGE_LOOP_ANALYSIS = YES;
				CLANG_WARN_STRICT_PROTOTYPES = YES;
				CLANG_WARN_SUSPICIOUS_MOVE = YES;
				CLANG_WARN_UNGUARDED_AVAILABILITY = YES_AGGRESSIVE;
				CLANG_WARN_UNREACHABLE_CODE = YES;
				CLANG_WARN__DUPLICATE_METHOD_MATCH = YES;
				COPY_PHASE_STRIP = NO;
				DEBUG_INFORMATION_FORMAT = "dwarf-with-dsym";
				ENABLE_NS_ASSERTIONS = NO;
				ENABLE_STRICT_OBJC_MSGSEND = YES;
				GCC_C_LANGUAGE_STANDARD = gnu11;
				GCC_NO_COMMON_BLOCKS = YES;
				GCC_WARN_64_TO_32_BIT_CONVERSION = YES;
				GCC_WARN_ABOUT_RETURN_TYPE = YES_ERROR;
				GCC_WARN_UNDECLARED_SELECTOR = YES;
				GCC_WARN_UNINITIALIZED_AUTOS = YES_AGGRESSIVE;
				GCC_WARN_UNUSED_FUNCTION = YES;
				GCC_WARN_UNUSED_VARIABLE = YES;
				IPHONEOS_DEPLOYMENT_TARGET = 15.0;
				MTL_ENABLE_DEBUG_INFO = NO;
				MTL_FAST_MATH = YES;
				SDKROOT = iphoneos;
				SWIFT_COMPILATION_MODE = wholemodule;
				SWIFT_OPTIMIZATION_LEVEL = "-O";
				VALIDATE_PRODUCT = YES;
			};
			name = Release;
		};
		0BC6C5052ABA84C000A2B2A0 /* Debug */ = {
			isa = XCBuildConfiguration;
			buildSettings = {
				ASSETCATALOG_COMPILER_APPICON_NAME = AppIcon;
				ASSETCATALOG_COMPILER_GLOBAL_ACCENT_COLOR_NAME = AccentColor;
				CODE_SIGN_STYLE = Automatic;
				CURRENT_PROJECT_VERSION = 1;
				DEVELOPMENT_ASSET_PATHS = "\"CoordinatorPRJ/Preview Content\"";
				DEVELOPMENT_TEAM = 98MMAJZLCF;
				ENABLE_PREVIEWS = YES;
				GENERATE_INFOPLIST_FILE = YES;
				INFOPLIST_KEY_UIApplicationSceneManifest_Generation = YES;
				INFOPLIST_KEY_UIApplicationSupportsIndirectInputEvents = YES;
				INFOPLIST_KEY_UILaunchScreen_Generation = YES;
				INFOPLIST_KEY_UISupportedInterfaceOrientations_iPad = "UIInterfaceOrientationPortrait UIInterfaceOrientationPortraitUpsideDown UIInterfaceOrientationLandscapeLeft UIInterfaceOrientationLandscapeRight";
				INFOPLIST_KEY_UISupportedInterfaceOrientations_iPhone = "UIInterfaceOrientationPortrait UIInterfaceOrientationLandscapeLeft UIInterfaceOrientationLandscapeRight";
				IPHONEOS_DEPLOYMENT_TARGET = 15.0;
				LD_RUNPATH_SEARCH_PATHS = (
					"$(inherited)",
					"@executable_path/Frameworks",
				);
				MARKETING_VERSION = 1.0;
				PRODUCT_BUNDLE_IDENTIFIER = com.carki.cassette.CoordinatorPRJ;
				PRODUCT_NAME = "$(TARGET_NAME)";
				SWIFT_EMIT_LOC_STRINGS = YES;
				SWIFT_VERSION = 5.0;
				TARGETED_DEVICE_FAMILY = "1,2";
			};
			name = Debug;
		};
		0BC6C5062ABA84C000A2B2A0 /* Release */ = {
			isa = XCBuildConfiguration;
			buildSettings = {
				ASSETCATALOG_COMPILER_APPICON_NAME = AppIcon;
				ASSETCATALOG_COMPILER_GLOBAL_ACCENT_COLOR_NAME = AccentColor;
				CODE_SIGN_STYLE = Automatic;
				CURRENT_PROJECT_VERSION = 1;
				DEVELOPMENT_ASSET_PATHS = "\"CoordinatorPRJ/Preview Content\"";
				DEVELOPMENT_TEAM = 98MMAJZLCF;
				ENABLE_PREVIEWS = YES;
				GENERATE_INFOPLIST_FILE = YES;
				INFOPLIST_KEY_UIApplicationSceneManifest_Generation = YES;
				INFOPLIST_KEY_UIApplicationSupportsIndirectInputEvents = YES;
				INFOPLIST_KEY_UILaunchScreen_Generation = YES;
				INFOPLIST_KEY_UISupportedInterfaceOrientations_iPad = "UIInterfaceOrientationPortrait UIInterfaceOrientationPortraitUpsideDown UIInterfaceOrientationLandscapeLeft UIInterfaceOrientationLandscapeRight";
				INFOPLIST_KEY_UISupportedInterfaceOrientations_iPhone = "UIInterfaceOrientationPortrait UIInterfaceOrientationLandscapeLeft UIInterfaceOrientationLandscapeRight";
				IPHONEOS_DEPLOYMENT_TARGET = 15.0;
				LD_RUNPATH_SEARCH_PATHS = (
					"$(inherited)",
					"@executable_path/Frameworks",
				);
				MARKETING_VERSION = 1.0;
				PRODUCT_BUNDLE_IDENTIFIER = com.carki.cassette.CoordinatorPRJ;
				PRODUCT_NAME = "$(TARGET_NAME)";
				SWIFT_EMIT_LOC_STRINGS = YES;
				SWIFT_VERSION = 5.0;
				TARGETED_DEVICE_FAMILY = "1,2";
			};
			name = Release;
		};
/* End XCBuildConfiguration section */

/* Begin XCConfigurationList section */
		0BC6C4F12ABA84BF00A2B2A0 /* Build configuration list for PBXProject "CoordinatorPRJ" */ = {
			isa = XCConfigurationList;
			buildConfigurations = (
				0BC6C5022ABA84C000A2B2A0 /* Debug */,
				0BC6C5032ABA84C000A2B2A0 /* Release */,
			);
			defaultConfigurationIsVisible = 0;
			defaultConfigurationName = Release;
		};
		0BC6C5042ABA84C000A2B2A0 /* Build configuration list for PBXNativeTarget "CoordinatorPRJ" */ = {
			isa = XCConfigurationList;
			buildConfigurations = (
				0BC6C5052ABA84C000A2B2A0 /* Debug */,
				0BC6C5062ABA84C000A2B2A0 /* Release */,
			);
			defaultConfigurationIsVisible = 0;
			defaultConfigurationName = Release;
		};
/* End XCConfigurationList section */

/* Begin XCRemoteSwiftPackageReference section */
		0BA014292AC1153D00429305 /* XCRemoteSwiftPackageReference "iOSViewModule" */ = {
			isa = XCRemoteSwiftPackageReference;
			repositoryURL = "https://github.com/hessegg/iOSViewModule.git";
			requirement = {
				branch = develop;
				kind = branch;
			};
		};
		0BA0142C2AC144EC00429305 /* XCRemoteSwiftPackageReference "RxSwift" */ = {
			isa = XCRemoteSwiftPackageReference;
			repositoryURL = "https://github.com/ReactiveX/RxSwift.git";
			requirement = {
				kind = exactVersion;
				version = 6.6.0;
			};
		};
/* End XCRemoteSwiftPackageReference section */

/* Begin XCSwiftPackageProductDependency section */
		0BA0142A2AC1153D00429305 /* iOSViewModule */ = {
			isa = XCSwiftPackageProductDependency;
			package = 0BA014292AC1153D00429305 /* XCRemoteSwiftPackageReference "iOSViewModule" */;
			productName = iOSViewModule;
		};
		0BA0142D2AC144EC00429305 /* RxCocoa */ = {
			isa = XCSwiftPackageProductDependency;
			package = 0BA0142C2AC144EC00429305 /* XCRemoteSwiftPackageReference "RxSwift" */;
			productName = RxCocoa;
		};
		0BA0142F2AC144EC00429305 /* RxSwift */ = {
			isa = XCSwiftPackageProductDependency;
			package = 0BA0142C2AC144EC00429305 /* XCRemoteSwiftPackageReference "RxSwift" */;
			productName = RxSwift;
		};
/* End XCSwiftPackageProductDependency section */
	};
	rootObject = 0BC6C4EE2ABA84BF00A2B2A0 /* Project object */;
}
